// !$*UTF8*$!
{
	archiveVersion = 1;
	classes = {
	};
	objectVersion = 46;
	objects = {

/* Begin PBXBuildFile section */
		A70396231E6CCA78001BC549 /* Networking.swift in Sources */ = {isa = PBXBuildFile; fileRef = A70396221E6CCA78001BC549 /* Networking.swift */; };
		A70396261E6CF09C001BC549 /* ResponseStubs.swift in Sources */ = {isa = PBXBuildFile; fileRef = A70396251E6CF09C001BC549 /* ResponseStubs.swift */; };
		A75FBE7D1E6FA44700FA1C60 /* SenateBiosJSON.json in Resources */ = {isa = PBXBuildFile; fileRef = A75FBE7C1E6FA44700FA1C60 /* SenateBiosJSON.json */; };
		A7C2D7D11E6FAE8300B8E325 /* ProPublicaProvider.swift in Sources */ = {isa = PBXBuildFile; fileRef = A7C2D7D01E6FAE8300B8E325 /* ProPublicaProvider.swift */; };
		A7C2D7D31E6FC41900B8E325 /* CongressMember.swift in Sources */ = {isa = PBXBuildFile; fileRef = A7C2D7D21E6FC41900B8E325 /* CongressMember.swift */; };
		A7C2D7D41E6FC6BC00B8E325 /* SenateJSON.json in Resources */ = {isa = PBXBuildFile; fileRef = B57A4F381E6F5DB700DC1326 /* SenateJSON.json */; };
		B52420951E705B8E007FB0CD /* DataStore.swift in Sources */ = {isa = PBXBuildFile; fileRef = B52420941E705B8E007FB0CD /* DataStore.swift */; };
		B52420971E705C03007FB0CD /* User.swift in Sources */ = {isa = PBXBuildFile; fileRef = B52420961E705C03007FB0CD /* User.swift */; };
		B52420991E70620B007FB0CD /* Event.swift in Sources */ = {isa = PBXBuildFile; fileRef = B52420981E70620B007FB0CD /* Event.swift */; };
		B54D2B111E6E0DEC00011A19 /* Secrets.swift in Sources */ = {isa = PBXBuildFile; fileRef = B54D2B101E6E0DEC00011A19 /* Secrets.swift */; };
		B5567D391E6B836A000260B4 /* RepSummaryVC.swift in Sources */ = {isa = PBXBuildFile; fileRef = B5567D381E6B836A000260B4 /* RepSummaryVC.swift */; };
		B57A4F391E6F5DB700DC1326 /* SenateJSON.json in Sources */ = {isa = PBXBuildFile; fileRef = B57A4F381E6F5DB700DC1326 /* SenateJSON.json */; };
		B57DD3F11E6B28ED00C4E277 /* FeedTableVC.swift in Sources */ = {isa = PBXBuildFile; fileRef = B57DD3F01E6B28ED00C4E277 /* FeedTableVC.swift */; };
		B57DD3F31E6B2B2400C4E277 /* RepsTableVC.swift in Sources */ = {isa = PBXBuildFile; fileRef = B57DD3F21E6B2B2400C4E277 /* RepsTableVC.swift */; };
		B57DD3F51E6B2B7100C4E277 /* TabBarController.swift in Sources */ = {isa = PBXBuildFile; fileRef = B57DD3F41E6B2B7100C4E277 /* TabBarController.swift */; };
		B57DD3F71E6B2F9500C4E277 /* RepTableCell.swift in Sources */ = {isa = PBXBuildFile; fileRef = B57DD3F61E6B2F9500C4E277 /* RepTableCell.swift */; };
		B57DD3FA1E6B30E700C4E277 /* FeedTableCell.swift in Sources */ = {isa = PBXBuildFile; fileRef = B57DD3F91E6B30E700C4E277 /* FeedTableCell.swift */; };
		B57DD3FC1E6B573000C4E277 /* EventSummaryVC.swift in Sources */ = {isa = PBXBuildFile; fileRef = B57DD3FB1E6B573000C4E277 /* EventSummaryVC.swift */; };
		B58A34F21E6757FB0059DB2B /* AppDelegate.swift in Sources */ = {isa = PBXBuildFile; fileRef = B58A34F11E6757FB0059DB2B /* AppDelegate.swift */; };
		B58A34F91E6757FB0059DB2B /* Assets.xcassets in Resources */ = {isa = PBXBuildFile; fileRef = B58A34F81E6757FB0059DB2B /* Assets.xcassets */; };
		B58A34FC1E6757FB0059DB2B /* LaunchScreen.storyboard in Resources */ = {isa = PBXBuildFile; fileRef = B58A34FA1E6757FB0059DB2B /* LaunchScreen.storyboard */; };
		B5B189D81E68992F00F9E6AF /* MapKit.framework in Frameworks */ = {isa = PBXBuildFile; fileRef = B5B189D71E68992F00F9E6AF /* MapKit.framework */; };
		B5E1072F1E6F68460017A15B /* OnBoardVC.swift in Sources */ = {isa = PBXBuildFile; fileRef = B5E1072E1E6F68460017A15B /* OnBoardVC.swift */; };
		FE72E0A8F71CCE302DBAFE90 /* Pods_Track_Your_Reps.framework in Frameworks */ = {isa = PBXBuildFile; fileRef = 9F2D950819F6AC6A8F32D459 /* Pods_Track_Your_Reps.framework */; };
/* End PBXBuildFile section */

/* Begin PBXFileReference section */
		0DE53F1ECEE94284723FF3F5 /* Pods-Track Your Reps.release.xcconfig */ = {isa = PBXFileReference; includeInIndex = 1; lastKnownFileType = text.xcconfig; name = "Pods-Track Your Reps.release.xcconfig"; path = "Pods/Target Support Files/Pods-Track Your Reps/Pods-Track Your Reps.release.xcconfig"; sourceTree = "<group>"; };
		9F2D950819F6AC6A8F32D459 /* Pods_Track_Your_Reps.framework */ = {isa = PBXFileReference; explicitFileType = wrapper.framework; includeInIndex = 0; path = Pods_Track_Your_Reps.framework; sourceTree = BUILT_PRODUCTS_DIR; };
		A70396221E6CCA78001BC549 /* Networking.swift */ = {isa = PBXFileReference; fileEncoding = 4; lastKnownFileType = sourcecode.swift; name = Networking.swift; path = "Track Your Reps/Networking/Networking.swift"; sourceTree = "<group>"; };
		A70396251E6CF09C001BC549 /* ResponseStubs.swift */ = {isa = PBXFileReference; fileEncoding = 4; lastKnownFileType = sourcecode.swift; name = ResponseStubs.swift; path = "Track Your Reps/Lib/ResponseStubs.swift"; sourceTree = "<group>"; };
		A75FBE7C1E6FA44700FA1C60 /* SenateBiosJSON.json */ = {isa = PBXFileReference; fileEncoding = 4; lastKnownFileType = text.json; name = SenateBiosJSON.json; path = "Track Your Reps/Lib/SenateBiosJSON.json"; sourceTree = "<group>"; };
		A7C2D7D01E6FAE8300B8E325 /* ProPublicaProvider.swift */ = {isa = PBXFileReference; fileEncoding = 4; lastKnownFileType = sourcecode.swift; name = ProPublicaProvider.swift; path = "Track Your Reps/Networking/ProPublicaProvider.swift"; sourceTree = "<group>"; };
		A7C2D7D21E6FC41900B8E325 /* CongressMember.swift */ = {isa = PBXFileReference; fileEncoding = 4; lastKnownFileType = sourcecode.swift; name = CongressMember.swift; path = Models/CongressMember.swift; sourceTree = "<group>"; };
		B52420941E705B8E007FB0CD /* DataStore.swift */ = {isa = PBXFileReference; fileEncoding = 4; lastKnownFileType = sourcecode.swift; path = DataStore.swift; sourceTree = "<group>"; };
		B52420961E705C03007FB0CD /* User.swift */ = {isa = PBXFileReference; fileEncoding = 4; lastKnownFileType = sourcecode.swift; path = User.swift; sourceTree = "<group>"; };
		B52420981E70620B007FB0CD /* Event.swift */ = {isa = PBXFileReference; fileEncoding = 4; lastKnownFileType = sourcecode.swift; path = Event.swift; sourceTree = "<group>"; };
		B54D2B101E6E0DEC00011A19 /* Secrets.swift */ = {isa = PBXFileReference; fileEncoding = 4; lastKnownFileType = sourcecode.swift; name = Secrets.swift; path = "Track Your Reps/Lib/Secrets.swift"; sourceTree = "<group>"; };
		B5567D381E6B836A000260B4 /* RepSummaryVC.swift */ = {isa = PBXFileReference; fileEncoding = 4; lastKnownFileType = sourcecode.swift; name = RepSummaryVC.swift; path = Views/RepSummaryVC.swift; sourceTree = "<group>"; };
		B57A4F381E6F5DB700DC1326 /* SenateJSON.json */ = {isa = PBXFileReference; fileEncoding = 4; lastKnownFileType = text.json; name = SenateJSON.json; path = "Track Your Reps/Lib/SenateJSON.json"; sourceTree = "<group>"; };
		B57DD3F01E6B28ED00C4E277 /* FeedTableVC.swift */ = {isa = PBXFileReference; fileEncoding = 4; lastKnownFileType = sourcecode.swift; name = FeedTableVC.swift; path = Views/FeedTableVC.swift; sourceTree = "<group>"; };
		B57DD3F21E6B2B2400C4E277 /* RepsTableVC.swift */ = {isa = PBXFileReference; fileEncoding = 4; lastKnownFileType = sourcecode.swift; name = RepsTableVC.swift; path = Views/RepsTableVC.swift; sourceTree = "<group>"; };
		B57DD3F41E6B2B7100C4E277 /* TabBarController.swift */ = {isa = PBXFileReference; fileEncoding = 4; lastKnownFileType = sourcecode.swift; path = TabBarController.swift; sourceTree = "<group>"; };
		B57DD3F61E6B2F9500C4E277 /* RepTableCell.swift */ = {isa = PBXFileReference; fileEncoding = 4; lastKnownFileType = sourcecode.swift; name = RepTableCell.swift; path = Views/RepTableCell.swift; sourceTree = "<group>"; };
		B57DD3F91E6B30E700C4E277 /* FeedTableCell.swift */ = {isa = PBXFileReference; fileEncoding = 4; lastKnownFileType = sourcecode.swift; name = FeedTableCell.swift; path = Views/FeedTableCell.swift; sourceTree = "<group>"; };
		B57DD3FB1E6B573000C4E277 /* EventSummaryVC.swift */ = {isa = PBXFileReference; fileEncoding = 4; lastKnownFileType = sourcecode.swift; name = EventSummaryVC.swift; path = Views/EventSummaryVC.swift; sourceTree = "<group>"; };
		B58A34EE1E6757FB0059DB2B /* Track Your Reps.app */ = {isa = PBXFileReference; explicitFileType = wrapper.application; includeInIndex = 0; path = "Track Your Reps.app"; sourceTree = BUILT_PRODUCTS_DIR; };
		B58A34F11E6757FB0059DB2B /* AppDelegate.swift */ = {isa = PBXFileReference; lastKnownFileType = sourcecode.swift; path = AppDelegate.swift; sourceTree = "<group>"; };
		B58A34F81E6757FB0059DB2B /* Assets.xcassets */ = {isa = PBXFileReference; lastKnownFileType = folder.assetcatalog; path = Assets.xcassets; sourceTree = "<group>"; };
		B58A34FB1E6757FB0059DB2B /* Base */ = {isa = PBXFileReference; lastKnownFileType = file.storyboard; name = Base; path = Base.lproj/LaunchScreen.storyboard; sourceTree = "<group>"; };
		B58A34FD1E6757FB0059DB2B /* Info.plist */ = {isa = PBXFileReference; lastKnownFileType = text.plist.xml; path = Info.plist; sourceTree = "<group>"; };
		B5B189D71E68992F00F9E6AF /* MapKit.framework */ = {isa = PBXFileReference; lastKnownFileType = wrapper.framework; name = MapKit.framework; path = System/Library/Frameworks/MapKit.framework; sourceTree = SDKROOT; };
		B5E1072E1E6F68460017A15B /* OnBoardVC.swift */ = {isa = PBXFileReference; fileEncoding = 4; lastKnownFileType = sourcecode.swift; name = OnBoardVC.swift; path = Views/OnBoardVC.swift; sourceTree = "<group>"; };
		BDA79378503B9B55821DD638 /* Pods-Track Your Reps.debug.xcconfig */ = {isa = PBXFileReference; includeInIndex = 1; lastKnownFileType = text.xcconfig; name = "Pods-Track Your Reps.debug.xcconfig"; path = "Pods/Target Support Files/Pods-Track Your Reps/Pods-Track Your Reps.debug.xcconfig"; sourceTree = "<group>"; };
/* End PBXFileReference section */

/* Begin PBXFrameworksBuildPhase section */
		B58A34EB1E6757FB0059DB2B /* Frameworks */ = {
			isa = PBXFrameworksBuildPhase;
			buildActionMask = 2147483647;
			files = (
				B5B189D81E68992F00F9E6AF /* MapKit.framework in Frameworks */,
				FE72E0A8F71CCE302DBAFE90 /* Pods_Track_Your_Reps.framework in Frameworks */,
			);
			runOnlyForDeploymentPostprocessing = 0;
		};
/* End PBXFrameworksBuildPhase section */

/* Begin PBXGroup section */
		4547B142671091979B32805F /* Pods */ = {
			isa = PBXGroup;
			children = (
				BDA79378503B9B55821DD638 /* Pods-Track Your Reps.debug.xcconfig */,
				0DE53F1ECEE94284723FF3F5 /* Pods-Track Your Reps.release.xcconfig */,
			);
			name = Pods;
			sourceTree = "<group>";
		};
		79019F1EB2601D335D539FFF /* Frameworks */ = {
			isa = PBXGroup;
			children = (
				B5B189D71E68992F00F9E6AF /* MapKit.framework */,
				9F2D950819F6AC6A8F32D459 /* Pods_Track_Your_Reps.framework */,
			);
			name = Frameworks;
			sourceTree = "<group>";
		};
		A70396211E6CCA15001BC549 /* Networking */ = {
			isa = PBXGroup;
			children = (
				A70396221E6CCA78001BC549 /* Networking.swift */,
				A7C2D7D01E6FAE8300B8E325 /* ProPublicaProvider.swift */,
			);
			name = Networking;
			path = ..;
			sourceTree = "<group>";
		};
		A70396241E6CF086001BC549 /* Lib */ = {
			isa = PBXGroup;
			children = (
				B54D2B101E6E0DEC00011A19 /* Secrets.swift */,
				A70396251E6CF09C001BC549 /* ResponseStubs.swift */,
				A75FBE7C1E6FA44700FA1C60 /* SenateBiosJSON.json */,
				B57A4F381E6F5DB700DC1326 /* SenateJSON.json */,
			);
			name = Lib;
			path = ..;
			sourceTree = "<group>";
		};
		B57DD3EF1E6B281700C4E277 /* Views */ = {
			isa = PBXGroup;
			children = (
				B5567D381E6B836A000260B4 /* RepSummaryVC.swift */,
				B57DD3FB1E6B573000C4E277 /* EventSummaryVC.swift */,
				B57DD3F01E6B28ED00C4E277 /* FeedTableVC.swift */,
				B57DD3F21E6B2B2400C4E277 /* RepsTableVC.swift */,
				B57DD3F61E6B2F9500C4E277 /* RepTableCell.swift */,
				B57DD3F91E6B30E700C4E277 /* FeedTableCell.swift */,
				B5E1072E1E6F68460017A15B /* OnBoardVC.swift */,
			);
			name = Views;
			sourceTree = "<group>";
		};
		B58A34E51E6757FB0059DB2B = {
			isa = PBXGroup;
			children = (
				B58A34F01E6757FB0059DB2B /* Track Your Reps */,
				B58A34EF1E6757FB0059DB2B /* Products */,
				4547B142671091979B32805F /* Pods */,
				79019F1EB2601D335D539FFF /* Frameworks */,
			);
			sourceTree = "<group>";
		};
		B58A34EF1E6757FB0059DB2B /* Products */ = {
			isa = PBXGroup;
			children = (
				B58A34EE1E6757FB0059DB2B /* Track Your Reps.app */,
			);
			name = Products;
			sourceTree = "<group>";
		};
		B58A34F01E6757FB0059DB2B /* Track Your Reps */ = {
			isa = PBXGroup;
			children = (
				B57DD3F41E6B2B7100C4E277 /* TabBarController.swift */,
				B57DD3EF1E6B281700C4E277 /* Views */,
				B5B189D91E68998300F9E6AF /* Models */,
				A70396241E6CF086001BC549 /* Lib */,
				A70396211E6CCA15001BC549 /* Networking */,
				B58A34F11E6757FB0059DB2B /* AppDelegate.swift */,
				B58A34F81E6757FB0059DB2B /* Assets.xcassets */,
				B58A34FA1E6757FB0059DB2B /* LaunchScreen.storyboard */,
				B58A34FD1E6757FB0059DB2B /* Info.plist */,
			);
			path = "Track Your Reps";
			sourceTree = "<group>";
		};
		B5B189D91E68998300F9E6AF /* Models */ = {
			isa = PBXGroup;
			children = (
				A7C2D7D21E6FC41900B8E325 /* CongressMember.swift */,
				B52420941E705B8E007FB0CD /* DataStore.swift */,
				B52420961E705C03007FB0CD /* User.swift */,
				B52420981E70620B007FB0CD /* Event.swift */,
			);
			name = Models;
			sourceTree = "<group>";
		};
/* End PBXGroup section */

/* Begin PBXNativeTarget section */
		B58A34ED1E6757FB0059DB2B /* Track Your Reps */ = {
			isa = PBXNativeTarget;
			buildConfigurationList = B58A35001E6757FB0059DB2B /* Build configuration list for PBXNativeTarget "Track Your Reps" */;
			buildPhases = (
				DF7D978027AE2817CDDA2FA4 /* [CP] Check Pods Manifest.lock */,
				B58A34EA1E6757FB0059DB2B /* Sources */,
				B58A34EB1E6757FB0059DB2B /* Frameworks */,
				B58A34EC1E6757FB0059DB2B /* Resources */,
				7CBD23D73EDD78C453182949 /* [CP] Embed Pods Frameworks */,
				902A2369ABD230A5C5F43B76 /* [CP] Copy Pods Resources */,
			);
			buildRules = (
			);
			dependencies = (
			);
			name = "Track Your Reps";
			productName = "Track Your Reps";
			productReference = B58A34EE1E6757FB0059DB2B /* Track Your Reps.app */;
			productType = "com.apple.product-type.application";
		};
/* End PBXNativeTarget section */

/* Begin PBXProject section */
		B58A34E61E6757FB0059DB2B /* Project object */ = {
			isa = PBXProject;
			attributes = {
				LastSwiftUpdateCheck = 0820;
				LastUpgradeCheck = 0820;
				ORGANIZATIONNAME = "Burning Flowers";
				TargetAttributes = {
					B58A34ED1E6757FB0059DB2B = {
						CreatedOnToolsVersion = 8.2.1;
						DevelopmentTeam = SRFS2YY3XR;
						ProvisioningStyle = Automatic;
						SystemCapabilities = {
							com.apple.Maps.iOS = {
								enabled = 1;
							};
						};
					};
				};
			};
			buildConfigurationList = B58A34E91E6757FB0059DB2B /* Build configuration list for PBXProject "Track Your Reps" */;
			compatibilityVersion = "Xcode 3.2";
			developmentRegion = English;
			hasScannedForEncodings = 0;
			knownRegions = (
				en,
				Base,
			);
			mainGroup = B58A34E51E6757FB0059DB2B;
			productRefGroup = B58A34EF1E6757FB0059DB2B /* Products */;
			projectDirPath = "";
			projectRoot = "";
			targets = (
				B58A34ED1E6757FB0059DB2B /* Track Your Reps */,
			);
		};
/* End PBXProject section */

/* Begin PBXResourcesBuildPhase section */
		B58A34EC1E6757FB0059DB2B /* Resources */ = {
			isa = PBXResourcesBuildPhase;
			buildActionMask = 2147483647;
			files = (
				A7C2D7D41E6FC6BC00B8E325 /* SenateJSON.json in Resources */,
				B58A34FC1E6757FB0059DB2B /* LaunchScreen.storyboard in Resources */,
				B58A34F91E6757FB0059DB2B /* Assets.xcassets in Resources */,
				A75FBE7D1E6FA44700FA1C60 /* SenateBiosJSON.json in Resources */,
			);
			runOnlyForDeploymentPostprocessing = 0;
		};
/* End PBXResourcesBuildPhase section */

/* Begin PBXShellScriptBuildPhase section */
		7CBD23D73EDD78C453182949 /* [CP] Embed Pods Frameworks */ = {
			isa = PBXShellScriptBuildPhase;
			buildActionMask = 2147483647;
			files = (
			);
			inputPaths = (
			);
			name = "[CP] Embed Pods Frameworks";
			outputPaths = (
			);
			runOnlyForDeploymentPostprocessing = 0;
			shellPath = /bin/sh;
			shellScript = "\"${SRCROOT}/Pods/Target Support Files/Pods-Track Your Reps/Pods-Track Your Reps-frameworks.sh\"\n";
			showEnvVarsInLog = 0;
		};
		902A2369ABD230A5C5F43B76 /* [CP] Copy Pods Resources */ = {
			isa = PBXShellScriptBuildPhase;
			buildActionMask = 2147483647;
			files = (
			);
			inputPaths = (
			);
			name = "[CP] Copy Pods Resources";
			outputPaths = (
			);
			runOnlyForDeploymentPostprocessing = 0;
			shellPath = /bin/sh;
			shellScript = "\"${SRCROOT}/Pods/Target Support Files/Pods-Track Your Reps/Pods-Track Your Reps-resources.sh\"\n";
			showEnvVarsInLog = 0;
		};
		DF7D978027AE2817CDDA2FA4 /* [CP] Check Pods Manifest.lock */ = {
			isa = PBXShellScriptBuildPhase;
			buildActionMask = 2147483647;
			files = (
			);
			inputPaths = (
			);
			name = "[CP] Check Pods Manifest.lock";
			outputPaths = (
			);
			runOnlyForDeploymentPostprocessing = 0;
			shellPath = /bin/sh;
			shellScript = "diff \"${PODS_ROOT}/../Podfile.lock\" \"${PODS_ROOT}/Manifest.lock\" > /dev/null\nif [ $? != 0 ] ; then\n    # print error to STDERR\n    echo \"error: The sandbox is not in sync with the Podfile.lock. Run 'pod install' or update your CocoaPods installation.\" >&2\n    exit 1\nfi\n";
			showEnvVarsInLog = 0;
		};
/* End PBXShellScriptBuildPhase section */

/* Begin PBXSourcesBuildPhase section */
		B58A34EA1E6757FB0059DB2B /* Sources */ = {
			isa = PBXSourcesBuildPhase;
			buildActionMask = 2147483647;
			files = (
				B54D2B111E6E0DEC00011A19 /* Secrets.swift in Sources */,
				B57DD3F71E6B2F9500C4E277 /* RepTableCell.swift in Sources */,
				B57DD3F31E6B2B2400C4E277 /* RepsTableVC.swift in Sources */,
				B52420991E70620B007FB0CD /* Event.swift in Sources */,
				A70396231E6CCA78001BC549 /* Networking.swift in Sources */,
				B5567D391E6B836A000260B4 /* RepSummaryVC.swift in Sources */,
				B57DD3F11E6B28ED00C4E277 /* FeedTableVC.swift in Sources */,
				B52420951E705B8E007FB0CD /* DataStore.swift in Sources */,
				B57A4F391E6F5DB700DC1326 /* SenateJSON.json in Sources */,
				A7C2D7D31E6FC41900B8E325 /* CongressMember.swift in Sources */,
				A70396261E6CF09C001BC549 /* ResponseStubs.swift in Sources */,
				B5E1072F1E6F68460017A15B /* OnBoardVC.swift in Sources */,
				B58A34F21E6757FB0059DB2B /* AppDelegate.swift in Sources */,
				B57DD3FC1E6B573000C4E277 /* EventSummaryVC.swift in Sources */,
				B57DD3F51E6B2B7100C4E277 /* TabBarController.swift in Sources */,
				B57DD3FA1E6B30E700C4E277 /* FeedTableCell.swift in Sources */,
				A7C2D7D11E6FAE8300B8E325 /* ProPublicaProvider.swift in Sources */,
				B52420971E705C03007FB0CD /* User.swift in Sources */,
			);
			runOnlyForDeploymentPostprocessing = 0;
		};
/* End PBXSourcesBuildPhase section */

/* Begin PBXVariantGroup section */
		B58A34FA1E6757FB0059DB2B /* LaunchScreen.storyboard */ = {
			isa = PBXVariantGroup;
			children = (
				B58A34FB1E6757FB0059DB2B /* Base */,
			);
			name = LaunchScreen.storyboard;
			sourceTree = "<group>";
		};
/* End PBXVariantGroup section */

/* Begin XCBuildConfiguration section */
		B58A34FE1E6757FB0059DB2B /* Debug */ = {
			isa = XCBuildConfiguration;
			buildSettings = {
				ALWAYS_SEARCH_USER_PATHS = NO;
				CLANG_ANALYZER_NONNULL = YES;
				CLANG_CXX_LANGUAGE_STANDARD = "gnu++0x";
				CLANG_CXX_LIBRARY = "libc++";
				CLANG_ENABLE_MODULES = YES;
				CLANG_ENABLE_OBJC_ARC = YES;
				CLANG_WARN_BOOL_CONVERSION = YES;
				CLANG_WARN_CONSTANT_CONVERSION = YES;
				CLANG_WARN_DIRECT_OBJC_ISA_USAGE = YES_ERROR;
				CLANG_WARN_DOCUMENTATION_COMMENTS = YES;
				CLANG_WARN_EMPTY_BODY = YES;
				CLANG_WARN_ENUM_CONVERSION = YES;
				CLANG_WARN_INFINITE_RECURSION = YES;
				CLANG_WARN_INT_CONVERSION = YES;
				CLANG_WARN_OBJC_ROOT_CLASS = YES_ERROR;
				CLANG_WARN_SUSPICIOUS_MOVE = YES;
				CLANG_WARN_UNREACHABLE_CODE = YES;
				CLANG_WARN__DUPLICATE_METHOD_MATCH = YES;
				"CODE_SIGN_IDENTITY[sdk=iphoneos*]" = "iPhone Developer";
				COPY_PHASE_STRIP = NO;
				DEBUG_INFORMATION_FORMAT = dwarf;
				ENABLE_STRICT_OBJC_MSGSEND = YES;
				ENABLE_TESTABILITY = YES;
				GCC_C_LANGUAGE_STANDARD = gnu99;
				GCC_DYNAMIC_NO_PIC = NO;
				GCC_NO_COMMON_BLOCKS = YES;
				GCC_OPTIMIZATION_LEVEL = 0;
				GCC_PREPROCESSOR_DEFINITIONS = (
					"DEBUG=1",
					"$(inherited)",
				);
				GCC_WARN_64_TO_32_BIT_CONVERSION = YES;
				GCC_WARN_ABOUT_RETURN_TYPE = YES_ERROR;
				GCC_WARN_UNDECLARED_SELECTOR = YES;
				GCC_WARN_UNINITIALIZED_AUTOS = YES_AGGRESSIVE;
				GCC_WARN_UNUSED_FUNCTION = YES;
				GCC_WARN_UNUSED_VARIABLE = YES;
				IPHONEOS_DEPLOYMENT_TARGET = 10.2;
				MTL_ENABLE_DEBUG_INFO = YES;
				ONLY_ACTIVE_ARCH = YES;
				SDKROOT = iphoneos;
				SWIFT_ACTIVE_COMPILATION_CONDITIONS = DEBUG;
				SWIFT_OPTIMIZATION_LEVEL = "-Onone";
			};
			name = Debug;
		};
		B58A34FF1E6757FB0059DB2B /* Release */ = {
			isa = XCBuildConfiguration;
			buildSettings = {
				ALWAYS_SEARCH_USER_PATHS = NO;
				CLANG_ANALYZER_NONNULL = YES;
				CLANG_CXX_LANGUAGE_STANDARD = "gnu++0x";
				CLANG_CXX_LIBRARY = "libc++";
				CLANG_ENABLE_MODULES = YES;
				CLANG_ENABLE_OBJC_ARC = YES;
				CLANG_WARN_BOOL_CONVERSION = YES;
				CLANG_WARN_CONSTANT_CONVERSION = YES;
				CLANG_WARN_DIRECT_OBJC_ISA_USAGE = YES_ERROR;
				CLANG_WARN_DOCUMENTATION_COMMENTS = YES;
				CLANG_WARN_EMPTY_BODY = YES;
				CLANG_WARN_ENUM_CONVERSION = YES;
				CLANG_WARN_INFINITE_RECURSION = YES;
				CLANG_WARN_INT_CONVERSION = YES;
				CLANG_WARN_OBJC_ROOT_CLASS = YES_ERROR;
				CLANG_WARN_SUSPICIOUS_MOVE = YES;
				CLANG_WARN_UNREACHABLE_CODE = YES;
				CLANG_WARN__DUPLICATE_METHOD_MATCH = YES;
				"CODE_SIGN_IDENTITY[sdk=iphoneos*]" = "iPhone Developer";
				COPY_PHASE_STRIP = NO;
				DEBUG_INFORMATION_FORMAT = "dwarf-with-dsym";
				ENABLE_NS_ASSERTIONS = NO;
				ENABLE_STRICT_OBJC_MSGSEND = YES;
				GCC_C_LANGUAGE_STANDARD = gnu99;
				GCC_NO_COMMON_BLOCKS = YES;
				GCC_WARN_64_TO_32_BIT_CONVERSION = YES;
				GCC_WARN_ABOUT_RETURN_TYPE = YES_ERROR;
				GCC_WARN_UNDECLARED_SELECTOR = YES;
				GCC_WARN_UNINITIALIZED_AUTOS = YES_AGGRESSIVE;
				GCC_WARN_UNUSED_FUNCTION = YES;
				GCC_WARN_UNUSED_VARIABLE = YES;
				IPHONEOS_DEPLOYMENT_TARGET = 10.2;
				MTL_ENABLE_DEBUG_INFO = NO;
				SDKROOT = iphoneos;
				SWIFT_OPTIMIZATION_LEVEL = "-Owholemodule";
				VALIDATE_PRODUCT = YES;
			};
			name = Release;
		};
		B58A35011E6757FB0059DB2B /* Debug */ = {
			isa = XCBuildConfiguration;
			baseConfigurationReference = BDA79378503B9B55821DD638 /* Pods-Track Your Reps.debug.xcconfig */;
			buildSettings = {
				ASSETCATALOG_COMPILER_APPICON_NAME = AppIcon;
				"CODE_SIGN_IDENTITY[sdk=iphoneos*]" = "iPhone Developer";
				DEVELOPMENT_TEAM = SRFS2YY3XR;
				INFOPLIST_FILE = "Track Your Reps/Info.plist";
				LD_RUNPATH_SEARCH_PATHS = "$(inherited) @executable_path/Frameworks";
				PRODUCT_BUNDLE_IDENTIFIER = com.burningflowe.rs.what;
				PRODUCT_NAME = "$(TARGET_NAME)";
				SWIFT_VERSION = 3.0;
			};
			name = Debug;
		};
		B58A35021E6757FB0059DB2B /* Release */ = {
			isa = XCBuildConfiguration;
			baseConfigurationReference = 0DE53F1ECEE94284723FF3F5 /* Pods-Track Your Reps.release.xcconfig */;
			buildSettings = {
				ASSETCATALOG_COMPILER_APPICON_NAME = AppIcon;
				"CODE_SIGN_IDENTITY[sdk=iphoneos*]" = "iPhone Developer";
				DEVELOPMENT_TEAM = SRFS2YY3XR;
				INFOPLIST_FILE = "Track Your Reps/Info.plist";
				LD_RUNPATH_SEARCH_PATHS = "$(inherited) @executable_path/Frameworks";
				PRODUCT_BUNDLE_IDENTIFIER = com.burningflowe.rs.what;
				PRODUCT_NAME = "$(TARGET_NAME)";
				SWIFT_VERSION = 3.0;
			};
			name = Release;
		};
/* End XCBuildConfiguration section */

/* Begin XCConfigurationList section */
		B58A34E91E6757FB0059DB2B /* Build configuration list for PBXProject "Track Your Reps" */ = {
			isa = XCConfigurationList;
			buildConfigurations = (
				B58A34FE1E6757FB0059DB2B /* Debug */,
				B58A34FF1E6757FB0059DB2B /* Release */,
			);
			defaultConfigurationIsVisible = 0;
			defaultConfigurationName = Release;
		};
		B58A35001E6757FB0059DB2B /* Build configuration list for PBXNativeTarget "Track Your Reps" */ = {
			isa = XCConfigurationList;
			buildConfigurations = (
				B58A35011E6757FB0059DB2B /* Debug */,
				B58A35021E6757FB0059DB2B /* Release */,
			);
			defaultConfigurationIsVisible = 0;
			defaultConfigurationName = Release;
		};
/* End XCConfigurationList section */
	};
	rootObject = B58A34E61E6757FB0059DB2B /* Project object */;
}
